
Microsoft Visual Studio Solution File, Format Version 12.00
# Visual Studio 15
VisualStudioVersion = 15.0.28010.2019
MinimumVisualStudioVersion = 10.0.40219.1
Project("{F184B08F-C81C-45F6-A57F-5ABD9991F28F}") = "Wells", "Wells\Wells.vbproj", "{5514040E-4CA7-4F92-B791-A822C37EDAFB}"
EndProject
Project("{2150E333-8FDC-42A3-9474-1A3956D46DE8}") = "View", "View", "{CB43C4FD-105E-46B2-919A-2BCC0399BB7F}"
EndProject
Project("{2150E333-8FDC-42A3-9474-1A3956D46DE8}") = "Model", "Model", "{D3E5B711-DD31-4084-884C-0F28C522938E}"
EndProject
Project("{F184B08F-C81C-45F6-A57F-5ABD9991F28F}") = "Model", "Model\Model.vbproj", "{D502AD98-C443-4DC2-B9B3-DFDAB8D877E7}"
EndProject
Project("{2150E333-8FDC-42A3-9474-1A3956D46DE8}") = "Persistence", "Persistence", "{15BDF32A-AAB0-4E41-ACC4-80888AD67774}"
EndProject
Project("{F184B08F-C81C-45F6-A57F-5ABD9991F28F}") = "Persistence", "Persistence\Persistence.vbproj", "{8142BB3A-5ED0-42D6-BCA4-4F63F571A663}"
EndProject
Project("{2150E333-8FDC-42A3-9474-1A3956D46DE8}") = "Base", "Base", "{BC4A4D78-D82B-42D5-B439-1D4BB7A7FE99}"
EndProject
Project("{F184B08F-C81C-45F6-A57F-5ABD9991F28F}") = "Base", "Base\Base.vbproj", "{38D4EAA1-5CC3-45BF-B2A5-7DC55AABDE61}"
EndProject
Global
	GlobalSection(SolutionConfigurationPlatforms) = preSolution
		Debug|Any CPU = Debug|Any CPU
		Release|Any CPU = Release|Any CPU
	EndGlobalSection
	GlobalSection(ProjectConfigurationPlatforms) = postSolution
		{5514040E-4CA7-4F92-B791-A822C37EDAFB}.Debug|Any CPU.ActiveCfg = Debug|Any CPU
		{5514040E-4CA7-4F92-B791-A822C37EDAFB}.Debug|Any CPU.Build.0 = Debug|Any CPU
		{5514040E-4CA7-4F92-B791-A822C37EDAFB}.Release|Any CPU.ActiveCfg = Release|Any CPU
		{5514040E-4CA7-4F92-B791-A822C37EDAFB}.Release|Any CPU.Build.0 = Release|Any CPU
		{D502AD98-C443-4DC2-B9B3-DFDAB8D877E7}.Debug|Any CPU.ActiveCfg = Debug|Any CPU
		{D502AD98-C443-4DC2-B9B3-DFDAB8D877E7}.Debug|Any CPU.Build.0 = Debug|Any CPU
		{D502AD98-C443-4DC2-B9B3-DFDAB8D877E7}.Release|Any CPU.ActiveCfg = Release|Any CPU
		{D502AD98-C443-4DC2-B9B3-DFDAB8D877E7}.Release|Any CPU.Build.0 = Release|Any CPU
		{8142BB3A-5ED0-42D6-BCA4-4F63F571A663}.Debug|Any CPU.ActiveCfg = Debug|Any CPU
		{8142BB3A-5ED0-42D6-BCA4-4F63F571A663}.Debug|Any CPU.Build.0 = Debug|Any CPU
		{8142BB3A-5ED0-42D6-BCA4-4F63F571A663}.Release|Any CPU.ActiveCfg = Release|Any CPU
		{8142BB3A-5ED0-42D6-BCA4-4F63F571A663}.Release|Any CPU.Build.0 = Release|Any CPU
		{38D4EAA1-5CC3-45BF-B2A5-7DC55AABDE61}.Debug|Any CPU.ActiveCfg = Debug|Any CPU
		{38D4EAA1-5CC3-45BF-B2A5-7DC55AABDE61}.Debug|Any CPU.Build.0 = Debug|Any CPU
		{38D4EAA1-5CC3-45BF-B2A5-7DC55AABDE61}.Release|Any CPU.ActiveCfg = Release|Any CPU
		{38D4EAA1-5CC3-45BF-B2A5-7DC55AABDE61}.Release|Any CPU.Build.0 = Release|Any CPU
	EndGlobalSection
	GlobalSection(SolutionProperties) = preSolution
		HideSolutionNode = FALSE
	EndGlobalSection
	GlobalSection(NestedProjects) = preSolution
		{5514040E-4CA7-4F92-B791-A822C37EDAFB} = {CB43C4FD-105E-46B2-919A-2BCC0399BB7F}
		{D502AD98-C443-4DC2-B9B3-DFDAB8D877E7} = {D3E5B711-DD31-4084-884C-0F28C522938E}
		{8142BB3A-5ED0-42D6-BCA4-4F63F571A663} = {15BDF32A-AAB0-4E41-ACC4-80888AD67774}
		{38D4EAA1-5CC3-45BF-B2A5-7DC55AABDE61} = {BC4A4D78-D82B-42D5-B439-1D4BB7A7FE99}
	EndGlobalSection
	GlobalSection(ExtensibilityGlobals) = postSolution
		SolutionGuid = {14E7FD5C-91AF-428C-9854-5A64E2B1C892}
	EndGlobalSection
EndGlobal
