
Microsoft Visual Studio Solution File, Format Version 12.00
# Visual Studio 15
VisualStudioVersion = 15.0.28010.2019
MinimumVisualStudioVersion = 10.0.40219.1
Project("{F184B08F-C81C-45F6-A57F-5ABD9991F28F}") = "Wells", "Wells\Wells.vbproj", "{5514040E-4CA7-4F92-B791-A822C37EDAFB}"
EndProject
Global
	GlobalSection(SolutionConfigurationPlatforms) = preSolution
		Debug|Any CPU = Debug|Any CPU
		Release|Any CPU = Release|Any CPU
	EndGlobalSection
	GlobalSection(ProjectConfigurationPlatforms) = postSolution
		{5514040E-4CA7-4F92-B791-A822C37EDAFB}.Debug|Any CPU.ActiveCfg = Debug|Any CPU
		{5514040E-4CA7-4F92-B791-A822C37EDAFB}.Debug|Any CPU.Build.0 = Debug|Any CPU
		{5514040E-4CA7-4F92-B791-A822C37EDAFB}.Release|Any CPU.ActiveCfg = Release|Any CPU
		{5514040E-4CA7-4F92-B791-A822C37EDAFB}.Release|Any CPU.Build.0 = Release|Any CPU
	EndGlobalSection
	GlobalSection(SolutionProperties) = preSolution
		HideSolutionNode = FALSE
	EndGlobalSection
	GlobalSection(ExtensibilityGlobals) = postSolution
		SolutionGuid = {14E7FD5C-91AF-428C-9854-5A64E2B1C892}
	EndGlobalSection
EndGlobal
