
Microsoft Visual Studio Solution File, Format Version 12.00
# Visual Studio Version 17
VisualStudioVersion = 17.0.32014.148
MinimumVisualStudioVersion = 10.0.40219.1
Project("{2150E333-8FDC-42A3-9474-1A3956D46DE8}") = "View", "View", "{CB43C4FD-105E-46B2-919A-2BCC0399BB7F}"
EndProject
Project("{2150E333-8FDC-42A3-9474-1A3956D46DE8}") = "Model", "Model", "{D3E5B711-DD31-4084-884C-0F28C522938E}"
EndProject
Project("{2150E333-8FDC-42A3-9474-1A3956D46DE8}") = "Persistence", "Persistence", "{15BDF32A-AAB0-4E41-ACC4-80888AD67774}"
EndProject
Project("{2150E333-8FDC-42A3-9474-1A3956D46DE8}") = "Base", "Base", "{BC4A4D78-D82B-42D5-B439-1D4BB7A7FE99}"
EndProject
Project("{9A19103F-16F7-4668-BE54-9A1E7A4F7556}") = "Model", "Model\Model\Model.csproj", "{3005C2CC-C6A3-4A20-9539-129FB4A58288}"
EndProject
Project("{9A19103F-16F7-4668-BE54-9A1E7A4F7556}") = "Persistence", "Persistence\Persistence.csproj", "{4C33BCA9-01D9-4581-B5A1-3D8A26BE219C}"
EndProject
Project("{9A19103F-16F7-4668-BE54-9A1E7A4F7556}") = "BaseModel", "Model\BaseModel\BaseModel.csproj", "{7A468A1C-31C5-4085-8248-21EDC6B5883E}"
EndProject
Project("{9A19103F-16F7-4668-BE54-9A1E7A4F7556}") = "Base", "Base\Base.csproj", "{ABC3AFDC-C8BB-4256-AE94-D0A04A933EAD}"
EndProject
Project("{9A19103F-16F7-4668-BE54-9A1E7A4F7556}") = "Resources", "Resources\Resources.csproj", "{2C0C712C-FA6E-40F8-A7A9-02683A0A0488}"
EndProject
Project("{9A19103F-16F7-4668-BE54-9A1E7A4F7556}") = "BaseView", "BaseView\BaseView.csproj", "{DF7BCB0F-DFF8-4026-BB04-5256C621BB94}"
EndProject
Project("{9A19103F-16F7-4668-BE54-9A1E7A4F7556}") = "Wells", "Wells\Wells.csproj", "{0B3FB554-2515-45F5-8A53-BD0BB58D8ED3}"
EndProject
Project("{9A19103F-16F7-4668-BE54-9A1E7A4F7556}") = "DbHelper", "DbHelper\DbHelper.csproj", "{FB30BBE6-1C7C-4A0A-A2ED-BF4E3997B180}"
EndProject
Global
	GlobalSection(SolutionConfigurationPlatforms) = preSolution
		Debug|Any CPU = Debug|Any CPU
		Debug|x64 = Debug|x64
		Debug|x86 = Debug|x86
		Release|Any CPU = Release|Any CPU
		Release|x64 = Release|x64
		Release|x86 = Release|x86
	EndGlobalSection
	GlobalSection(ProjectConfigurationPlatforms) = postSolution
		{3005C2CC-C6A3-4A20-9539-129FB4A58288}.Debug|Any CPU.ActiveCfg = Debug|Any CPU
		{3005C2CC-C6A3-4A20-9539-129FB4A58288}.Debug|Any CPU.Build.0 = Debug|Any CPU
		{3005C2CC-C6A3-4A20-9539-129FB4A58288}.Debug|x64.ActiveCfg = Debug|Any CPU
		{3005C2CC-C6A3-4A20-9539-129FB4A58288}.Debug|x64.Build.0 = Debug|Any CPU
		{3005C2CC-C6A3-4A20-9539-129FB4A58288}.Debug|x86.ActiveCfg = Debug|Any CPU
		{3005C2CC-C6A3-4A20-9539-129FB4A58288}.Debug|x86.Build.0 = Debug|Any CPU
		{3005C2CC-C6A3-4A20-9539-129FB4A58288}.Release|Any CPU.ActiveCfg = Release|Any CPU
		{3005C2CC-C6A3-4A20-9539-129FB4A58288}.Release|Any CPU.Build.0 = Release|Any CPU
		{3005C2CC-C6A3-4A20-9539-129FB4A58288}.Release|x64.ActiveCfg = Release|Any CPU
		{3005C2CC-C6A3-4A20-9539-129FB4A58288}.Release|x64.Build.0 = Release|Any CPU
		{3005C2CC-C6A3-4A20-9539-129FB4A58288}.Release|x86.ActiveCfg = Release|Any CPU
		{3005C2CC-C6A3-4A20-9539-129FB4A58288}.Release|x86.Build.0 = Release|Any CPU
		{4C33BCA9-01D9-4581-B5A1-3D8A26BE219C}.Debug|Any CPU.ActiveCfg = Debug|Any CPU
		{4C33BCA9-01D9-4581-B5A1-3D8A26BE219C}.Debug|Any CPU.Build.0 = Debug|Any CPU
		{4C33BCA9-01D9-4581-B5A1-3D8A26BE219C}.Debug|x64.ActiveCfg = Debug|Any CPU
		{4C33BCA9-01D9-4581-B5A1-3D8A26BE219C}.Debug|x64.Build.0 = Debug|Any CPU
		{4C33BCA9-01D9-4581-B5A1-3D8A26BE219C}.Debug|x86.ActiveCfg = Debug|Any CPU
		{4C33BCA9-01D9-4581-B5A1-3D8A26BE219C}.Debug|x86.Build.0 = Debug|Any CPU
		{4C33BCA9-01D9-4581-B5A1-3D8A26BE219C}.Release|Any CPU.ActiveCfg = Release|Any CPU
		{4C33BCA9-01D9-4581-B5A1-3D8A26BE219C}.Release|Any CPU.Build.0 = Release|Any CPU
		{4C33BCA9-01D9-4581-B5A1-3D8A26BE219C}.Release|x64.ActiveCfg = Release|Any CPU
		{4C33BCA9-01D9-4581-B5A1-3D8A26BE219C}.Release|x64.Build.0 = Release|Any CPU
		{4C33BCA9-01D9-4581-B5A1-3D8A26BE219C}.Release|x86.ActiveCfg = Release|Any CPU
		{4C33BCA9-01D9-4581-B5A1-3D8A26BE219C}.Release|x86.Build.0 = Release|Any CPU
		{7A468A1C-31C5-4085-8248-21EDC6B5883E}.Debug|Any CPU.ActiveCfg = Debug|Any CPU
		{7A468A1C-31C5-4085-8248-21EDC6B5883E}.Debug|Any CPU.Build.0 = Debug|Any CPU
		{7A468A1C-31C5-4085-8248-21EDC6B5883E}.Debug|x64.ActiveCfg = Debug|Any CPU
		{7A468A1C-31C5-4085-8248-21EDC6B5883E}.Debug|x64.Build.0 = Debug|Any CPU
		{7A468A1C-31C5-4085-8248-21EDC6B5883E}.Debug|x86.ActiveCfg = Debug|Any CPU
		{7A468A1C-31C5-4085-8248-21EDC6B5883E}.Debug|x86.Build.0 = Debug|Any CPU
		{7A468A1C-31C5-4085-8248-21EDC6B5883E}.Release|Any CPU.ActiveCfg = Release|Any CPU
		{7A468A1C-31C5-4085-8248-21EDC6B5883E}.Release|Any CPU.Build.0 = Release|Any CPU
		{7A468A1C-31C5-4085-8248-21EDC6B5883E}.Release|x64.ActiveCfg = Release|Any CPU
		{7A468A1C-31C5-4085-8248-21EDC6B5883E}.Release|x64.Build.0 = Release|Any CPU
		{7A468A1C-31C5-4085-8248-21EDC6B5883E}.Release|x86.ActiveCfg = Release|Any CPU
		{7A468A1C-31C5-4085-8248-21EDC6B5883E}.Release|x86.Build.0 = Release|Any CPU
		{ABC3AFDC-C8BB-4256-AE94-D0A04A933EAD}.Debug|Any CPU.ActiveCfg = Debug|Any CPU
		{ABC3AFDC-C8BB-4256-AE94-D0A04A933EAD}.Debug|Any CPU.Build.0 = Debug|Any CPU
		{ABC3AFDC-C8BB-4256-AE94-D0A04A933EAD}.Debug|x64.ActiveCfg = Debug|Any CPU
		{ABC3AFDC-C8BB-4256-AE94-D0A04A933EAD}.Debug|x64.Build.0 = Debug|Any CPU
		{ABC3AFDC-C8BB-4256-AE94-D0A04A933EAD}.Debug|x86.ActiveCfg = Debug|Any CPU
		{ABC3AFDC-C8BB-4256-AE94-D0A04A933EAD}.Debug|x86.Build.0 = Debug|Any CPU
		{ABC3AFDC-C8BB-4256-AE94-D0A04A933EAD}.Release|Any CPU.ActiveCfg = Release|Any CPU
		{ABC3AFDC-C8BB-4256-AE94-D0A04A933EAD}.Release|Any CPU.Build.0 = Release|Any CPU
		{ABC3AFDC-C8BB-4256-AE94-D0A04A933EAD}.Release|x64.ActiveCfg = Release|Any CPU
		{ABC3AFDC-C8BB-4256-AE94-D0A04A933EAD}.Release|x64.Build.0 = Release|Any CPU
		{ABC3AFDC-C8BB-4256-AE94-D0A04A933EAD}.Release|x86.ActiveCfg = Release|Any CPU
		{ABC3AFDC-C8BB-4256-AE94-D0A04A933EAD}.Release|x86.Build.0 = Release|Any CPU
		{2C0C712C-FA6E-40F8-A7A9-02683A0A0488}.Debug|Any CPU.ActiveCfg = Debug|Any CPU
		{2C0C712C-FA6E-40F8-A7A9-02683A0A0488}.Debug|Any CPU.Build.0 = Debug|Any CPU
		{2C0C712C-FA6E-40F8-A7A9-02683A0A0488}.Debug|x64.ActiveCfg = Debug|Any CPU
		{2C0C712C-FA6E-40F8-A7A9-02683A0A0488}.Debug|x64.Build.0 = Debug|Any CPU
		{2C0C712C-FA6E-40F8-A7A9-02683A0A0488}.Debug|x86.ActiveCfg = Debug|Any CPU
		{2C0C712C-FA6E-40F8-A7A9-02683A0A0488}.Debug|x86.Build.0 = Debug|Any CPU
		{2C0C712C-FA6E-40F8-A7A9-02683A0A0488}.Release|Any CPU.ActiveCfg = Release|Any CPU
		{2C0C712C-FA6E-40F8-A7A9-02683A0A0488}.Release|Any CPU.Build.0 = Release|Any CPU
		{2C0C712C-FA6E-40F8-A7A9-02683A0A0488}.Release|x64.ActiveCfg = Release|Any CPU
		{2C0C712C-FA6E-40F8-A7A9-02683A0A0488}.Release|x64.Build.0 = Release|Any CPU
		{2C0C712C-FA6E-40F8-A7A9-02683A0A0488}.Release|x86.ActiveCfg = Release|Any CPU
		{2C0C712C-FA6E-40F8-A7A9-02683A0A0488}.Release|x86.Build.0 = Release|Any CPU
		{DF7BCB0F-DFF8-4026-BB04-5256C621BB94}.Debug|Any CPU.ActiveCfg = Debug|Any CPU
		{DF7BCB0F-DFF8-4026-BB04-5256C621BB94}.Debug|Any CPU.Build.0 = Debug|Any CPU
		{DF7BCB0F-DFF8-4026-BB04-5256C621BB94}.Debug|x64.ActiveCfg = Debug|Any CPU
		{DF7BCB0F-DFF8-4026-BB04-5256C621BB94}.Debug|x64.Build.0 = Debug|Any CPU
		{DF7BCB0F-DFF8-4026-BB04-5256C621BB94}.Debug|x86.ActiveCfg = Debug|Any CPU
		{DF7BCB0F-DFF8-4026-BB04-5256C621BB94}.Debug|x86.Build.0 = Debug|Any CPU
		{DF7BCB0F-DFF8-4026-BB04-5256C621BB94}.Release|Any CPU.ActiveCfg = Release|Any CPU
		{DF7BCB0F-DFF8-4026-BB04-5256C621BB94}.Release|Any CPU.Build.0 = Release|Any CPU
		{DF7BCB0F-DFF8-4026-BB04-5256C621BB94}.Release|x64.ActiveCfg = Release|Any CPU
		{DF7BCB0F-DFF8-4026-BB04-5256C621BB94}.Release|x64.Build.0 = Release|Any CPU
		{DF7BCB0F-DFF8-4026-BB04-5256C621BB94}.Release|x86.ActiveCfg = Release|Any CPU
		{DF7BCB0F-DFF8-4026-BB04-5256C621BB94}.Release|x86.Build.0 = Release|Any CPU
		{0B3FB554-2515-45F5-8A53-BD0BB58D8ED3}.Debug|Any CPU.ActiveCfg = Debug|Any CPU
		{0B3FB554-2515-45F5-8A53-BD0BB58D8ED3}.Debug|Any CPU.Build.0 = Debug|Any CPU
		{0B3FB554-2515-45F5-8A53-BD0BB58D8ED3}.Debug|x64.ActiveCfg = Debug|Any CPU
		{0B3FB554-2515-45F5-8A53-BD0BB58D8ED3}.Debug|x64.Build.0 = Debug|Any CPU
		{0B3FB554-2515-45F5-8A53-BD0BB58D8ED3}.Debug|x86.ActiveCfg = Debug|Any CPU
		{0B3FB554-2515-45F5-8A53-BD0BB58D8ED3}.Debug|x86.Build.0 = Debug|Any CPU
		{0B3FB554-2515-45F5-8A53-BD0BB58D8ED3}.Release|Any CPU.ActiveCfg = Release|Any CPU
		{0B3FB554-2515-45F5-8A53-BD0BB58D8ED3}.Release|Any CPU.Build.0 = Release|Any CPU
		{0B3FB554-2515-45F5-8A53-BD0BB58D8ED3}.Release|x64.ActiveCfg = Release|Any CPU
		{0B3FB554-2515-45F5-8A53-BD0BB58D8ED3}.Release|x64.Build.0 = Release|Any CPU
		{0B3FB554-2515-45F5-8A53-BD0BB58D8ED3}.Release|x86.ActiveCfg = Release|Any CPU
		{0B3FB554-2515-45F5-8A53-BD0BB58D8ED3}.Release|x86.Build.0 = Release|Any CPU
		{FB30BBE6-1C7C-4A0A-A2ED-BF4E3997B180}.Debug|Any CPU.ActiveCfg = Debug|Any CPU
		{FB30BBE6-1C7C-4A0A-A2ED-BF4E3997B180}.Debug|Any CPU.Build.0 = Debug|Any CPU
		{FB30BBE6-1C7C-4A0A-A2ED-BF4E3997B180}.Debug|x64.ActiveCfg = Debug|Any CPU
		{FB30BBE6-1C7C-4A0A-A2ED-BF4E3997B180}.Debug|x64.Build.0 = Debug|Any CPU
		{FB30BBE6-1C7C-4A0A-A2ED-BF4E3997B180}.Debug|x86.ActiveCfg = Debug|Any CPU
		{FB30BBE6-1C7C-4A0A-A2ED-BF4E3997B180}.Debug|x86.Build.0 = Debug|Any CPU
		{FB30BBE6-1C7C-4A0A-A2ED-BF4E3997B180}.Release|Any CPU.ActiveCfg = Release|Any CPU
		{FB30BBE6-1C7C-4A0A-A2ED-BF4E3997B180}.Release|Any CPU.Build.0 = Release|Any CPU
		{FB30BBE6-1C7C-4A0A-A2ED-BF4E3997B180}.Release|x64.ActiveCfg = Release|Any CPU
		{FB30BBE6-1C7C-4A0A-A2ED-BF4E3997B180}.Release|x64.Build.0 = Release|Any CPU
		{FB30BBE6-1C7C-4A0A-A2ED-BF4E3997B180}.Release|x86.ActiveCfg = Release|Any CPU
		{FB30BBE6-1C7C-4A0A-A2ED-BF4E3997B180}.Release|x86.Build.0 = Release|Any CPU
	EndGlobalSection
	GlobalSection(SolutionProperties) = preSolution
		HideSolutionNode = FALSE
	EndGlobalSection
	GlobalSection(NestedProjects) = preSolution
		{3005C2CC-C6A3-4A20-9539-129FB4A58288} = {D3E5B711-DD31-4084-884C-0F28C522938E}
		{4C33BCA9-01D9-4581-B5A1-3D8A26BE219C} = {15BDF32A-AAB0-4E41-ACC4-80888AD67774}
		{7A468A1C-31C5-4085-8248-21EDC6B5883E} = {D3E5B711-DD31-4084-884C-0F28C522938E}
		{ABC3AFDC-C8BB-4256-AE94-D0A04A933EAD} = {BC4A4D78-D82B-42D5-B439-1D4BB7A7FE99}
		{2C0C712C-FA6E-40F8-A7A9-02683A0A0488} = {BC4A4D78-D82B-42D5-B439-1D4BB7A7FE99}
		{DF7BCB0F-DFF8-4026-BB04-5256C621BB94} = {CB43C4FD-105E-46B2-919A-2BCC0399BB7F}
		{0B3FB554-2515-45F5-8A53-BD0BB58D8ED3} = {CB43C4FD-105E-46B2-919A-2BCC0399BB7F}
		{FB30BBE6-1C7C-4A0A-A2ED-BF4E3997B180} = {CB43C4FD-105E-46B2-919A-2BCC0399BB7F}
	EndGlobalSection
	GlobalSection(ExtensibilityGlobals) = postSolution
		SolutionGuid = {14E7FD5C-91AF-428C-9854-5A64E2B1C892}
	EndGlobalSection
EndGlobal
